
Microsoft Visual Studio Solution File, Format Version 12.00
# Visual Studio Version 17
VisualStudioVersion = 17.8.34330.188
MinimumVisualStudioVersion = 10.0.40219.1
Project("{FAE04EC0-301F-11D3-BF4B-00C04F79EFBC}") = "ProjectLothal.CustomDispatcher.Api", "ProjectLothal.CustomDispatcher.Api.csproj", "{7218DD87-49AA-4830-9563-014F629DD7A3}"
EndProject
Project("{FAE04EC0-301F-11D3-BF4B-00C04F79EFBC}") = "Lothal.Mediator.Core", "..\Lothal.Mediator.Core\Lothal.Mediator.Core.csproj", "{34AA7A7E-8BC6-4392-8B72-625DE06F464D}"
EndProject
Global
	GlobalSection(SolutionConfigurationPlatforms) = preSolution
		Debug|Any CPU = Debug|Any CPU
		Release|Any CPU = Release|Any CPU
	EndGlobalSection
	GlobalSection(ProjectConfigurationPlatforms) = postSolution
		{7218DD87-49AA-4830-9563-014F629DD7A3}.Debug|Any CPU.ActiveCfg = Debug|Any CPU
		{7218DD87-49AA-4830-9563-014F629DD7A3}.Debug|Any CPU.Build.0 = Debug|Any CPU
		{7218DD87-49AA-4830-9563-014F629DD7A3}.Release|Any CPU.ActiveCfg = Release|Any CPU
		{7218DD87-49AA-4830-9563-014F629DD7A3}.Release|Any CPU.Build.0 = Release|Any CPU
		{34AA7A7E-8BC6-4392-8B72-625DE06F464D}.Debug|Any CPU.ActiveCfg = Debug|Any CPU
		{34AA7A7E-8BC6-4392-8B72-625DE06F464D}.Debug|Any CPU.Build.0 = Debug|Any CPU
		{34AA7A7E-8BC6-4392-8B72-625DE06F464D}.Release|Any CPU.ActiveCfg = Release|Any CPU
		{34AA7A7E-8BC6-4392-8B72-625DE06F464D}.Release|Any CPU.Build.0 = Release|Any CPU
	EndGlobalSection
	GlobalSection(SolutionProperties) = preSolution
		HideSolutionNode = FALSE
	EndGlobalSection
	GlobalSection(ExtensibilityGlobals) = postSolution
		SolutionGuid = {96F033C4-9642-44A4-BB76-BF4BC6F4A268}
	EndGlobalSection
EndGlobal
